
Microsoft Visual Studio Solution File, Format Version 12.00
# Visual Studio 15
VisualStudioVersion = 15.0.28307.421
MinimumVisualStudioVersion = 10.0.40219.1
Project("{FAE04EC0-301F-11D3-BF4B-00C04F79EFBC}") = "myApp", "myApp\myApp.csproj", "{BDB3BA29-414B-469D-B438-FC03D7EDEAFD}"
EndProject
Global
	GlobalSection(SolutionConfigurationPlatforms) = preSolution
		Debug|Any CPU = Debug|Any CPU
		Release|Any CPU = Release|Any CPU
	EndGlobalSection
	GlobalSection(ProjectConfigurationPlatforms) = postSolution
		{BDB3BA29-414B-469D-B438-FC03D7EDEAFD}.Debug|Any CPU.ActiveCfg = Debug|Any CPU
		{BDB3BA29-414B-469D-B438-FC03D7EDEAFD}.Debug|Any CPU.Build.0 = Debug|Any CPU
		{BDB3BA29-414B-469D-B438-FC03D7EDEAFD}.Release|Any CPU.ActiveCfg = Release|Any CPU
		{BDB3BA29-414B-469D-B438-FC03D7EDEAFD}.Release|Any CPU.Build.0 = Release|Any CPU
	EndGlobalSection
	GlobalSection(SolutionProperties) = preSolution
		HideSolutionNode = FALSE
	EndGlobalSection
	GlobalSection(ExtensibilityGlobals) = postSolution
		SolutionGuid = {7DE9D62E-9256-486D-93C7-B149D5A93A40}
	EndGlobalSection
EndGlobal
